{
  "version": 4,
  "terraform_version": "0.13.7",
  "serial": 15,
  "lineage": "df871be9-70db-e2cb-b2c7-2500a00b3ae6",
  "outputs": {},
  "resources": [
    {
      "module": "module.bucket-nix-cache-test",
      "mode": "data",
      "type": "aws_caller_identity",
      "name": "current",
      "provider": "provider[\"registry.terraform.io/hashicorp/aws\"]",
      "instances": [
        {
          "schema_version": 0,
          "attributes": {
            "account_id": "152232536120",
            "arn": "arn:aws:iam::152232536120:user/mynixuser",
            "id": "152232536120",
            "user_id": "AIDASG4OEFA4CDNAEGI2T"
          }
        }
      ]
    },
    {
      "module": "module.bucket-nix-cache-test",
      "mode": "data",
      "type": "aws_canonical_user_id",
      "name": "this",
      "provider": "provider[\"registry.terraform.io/hashicorp/aws\"]",
      "instances": [
        {
          "schema_version": 0,
          "attributes": {
            "display_name": "pedroregispoar",
            "id": "344e39c7af0b2632ac7ebea21e2081bc5c6784739aa053d6af6e03feffff5239"
          }
        }
      ]
    },
    {
      "module": "module.bucket-nix-cache-test",
      "mode": "data",
      "type": "aws_iam_policy_document",
      "name": "combined",
      "provider": "provider[\"registry.terraform.io/hashicorp/aws\"]",
      "instances": [
        {
          "index_key": 0,
          "schema_version": 0,
          "attributes": {
            "id": "200366108",
            "json": "{\n  \"Version\": \"2012-10-17\",\n  \"Id\": \"DirectReads\",\n  \"Statement\": [\n    {\n      \"Sid\": \"AllowDirectReads\",\n      \"Effect\": \"Allow\",\n      \"Action\": [\n        \"s3:GetObject\",\n        \"s3:GetBucketLocation\"\n      ],\n      \"Resource\": [\n        \"arn:aws:s3:::playing-bucket-nix-cache-test\",\n        \"arn:aws:s3:::playing-bucket-nix-cache-test/*\"\n      ],\n      \"Principal\": \"*\"\n    }\n  ]\n}",
            "override_json": null,
            "override_policy_documents": null,
            "policy_id": null,
            "source_json": null,
            "source_policy_documents": [
              "{\n    \"Id\": \"DirectReads\",\n    \"Version\": \"2012-10-17\",\n    \"Statement\": [\n        {\n            \"Sid\": \"AllowDirectReads\",\n            \"Action\": [\n                \"s3:GetObject\",\n                \"s3:GetBucketLocation\"\n            ],\n            \"Effect\": \"Allow\",\n            \"Resource\": [\n                \"arn:aws:s3:::playing-bucket-nix-cache-test\",\n                \"arn:aws:s3:::playing-bucket-nix-cache-test/*\"\n            ],\n            \"Principal\": \"*\"\n        }\n    ]\n}\n"
            ],
            "statement": null,
            "version": "2012-10-17"
          }
        }
      ]
    },
    {
      "module": "module.bucket-nix-cache-test",
      "mode": "managed",
      "type": "aws_s3_bucket",
      "name": "this",
      "provider": "provider[\"registry.terraform.io/hashicorp/aws\"]",
      "instances": [
        {
          "index_key": 0,
          "schema_version": 0,
          "attributes": {
            "acceleration_status": "",
            "acl": null,
            "arn": "arn:aws:s3:::playing-bucket-nix-cache-test",
            "bucket": "playing-bucket-nix-cache-test",
            "bucket_domain_name": "playing-bucket-nix-cache-test.s3.amazonaws.com",
            "bucket_prefix": null,
            "bucket_regional_domain_name": "playing-bucket-nix-cache-test.s3.amazonaws.com",
            "cors_rule": [],
            "force_destroy": false,
            "grant": [
              {
                "id": "344e39c7af0b2632ac7ebea21e2081bc5c6784739aa053d6af6e03feffff5239",
                "permissions": [
                  "FULL_CONTROL"
                ],
                "type": "CanonicalUser",
                "uri": ""
              }
            ],
            "hosted_zone_id": "Z3AQBSTGFYJSTF",
            "id": "playing-bucket-nix-cache-test",
            "lifecycle_rule": [],
            "logging": [],
            "object_lock_configuration": [],
            "object_lock_enabled": false,
            "policy": "",
            "region": "us-east-1",
            "replication_configuration": [],
            "request_payer": "BucketOwner",
            "server_side_encryption_configuration": [],
            "tags": null,
            "tags_all": {},
            "timeouts": null,
            "versioning": [
              {
                "enabled": false,
                "mfa_delete": false
              }
            ],
            "website": [],
            "website_domain": null,
            "website_endpoint": null
          },
          "private": "eyJlMmJmYjczMC1lY2FhLTExZTYtOGY4OC0zNDM2M2JjN2M0YzAiOnsiY3JlYXRlIjoxMjAwMDAwMDAwMDAwLCJkZWxldGUiOjM2MDAwMDAwMDAwMDAsInJlYWQiOjEyMDAwMDAwMDAwMDAsInVwZGF0ZSI6MTIwMDAwMDAwMDAwMH19"
        }
      ]
    },
    {
      "module": "module.bucket-nix-cache-test",
      "mode": "managed",
      "type": "aws_s3_bucket_policy",
      "name": "this",
      "provider": "provider[\"registry.terraform.io/hashicorp/aws\"]",
      "instances": [
        {
          "index_key": 0,
          "schema_version": 0,
          "attributes": {
            "bucket": "playing-bucket-nix-cache-test",
            "id": "playing-bucket-nix-cache-test",
            "policy": "{\"Id\":\"DirectReads\",\"Statement\":[{\"Action\":[\"s3:GetObject\",\"s3:GetBucketLocation\"],\"Effect\":\"Allow\",\"Principal\":\"*\",\"Resource\":[\"arn:aws:s3:::playing-bucket-nix-cache-test\",\"arn:aws:s3:::playing-bucket-nix-cache-test/*\"],\"Sid\":\"AllowDirectReads\"}],\"Version\":\"2012-10-17\"}"
          },
          "private": "bnVsbA==",
          "dependencies": [
            "module.bucket-nix-cache-test.aws_s3_bucket.this",
            "module.bucket-nix-cache-test.data.aws_iam_policy_document.combined"
          ]
        }
      ]
    },
    {
      "module": "module.bucket-nix-cache-test",
      "mode": "managed",
      "type": "aws_s3_bucket_public_access_block",
      "name": "this",
      "provider": "provider[\"registry.terraform.io/hashicorp/aws\"]",
      "instances": [
        {
          "index_key": 0,
          "schema_version": 0,
          "attributes": {
            "block_public_acls": false,
            "block_public_policy": false,
            "bucket": "playing-bucket-nix-cache-test",
            "id": "playing-bucket-nix-cache-test",
            "ignore_public_acls": false,
            "restrict_public_buckets": false
          },
          "private": "bnVsbA==",
          "dependencies": [
            "module.bucket-nix-cache-test.aws_s3_bucket.this",
            "module.bucket-nix-cache-test.aws_s3_bucket_policy.this",
            "module.bucket-nix-cache-test.data.aws_iam_policy_document.combined"
          ]
        }
      ]
    }
  ]
}
